
Microsoft Visual Studio Solution File, Format Version 12.00
# Visual Studio Version 17
VisualStudioVersion = 17.0.31903.59
MinimumVisualStudioVersion = 10.0.40219.1
Project("{9A19103F-16F7-4668-BE54-9A1E7A4F7556}") = "WIndowsSpeechMaui", "WIndowsSpeechMaui\WIndowsSpeechMaui.csproj", "{131DB9C5-D273-4BD9-BC1E-09C433E2702D}"
EndProject
Project("{9A19103F-16F7-4668-BE54-9A1E7A4F7556}") = "VoiceRecog.Background", "VoiceRecog.Background\VoiceRecog.Background.csproj", "{C872F5A5-6C59-4C29-A850-89C154FFBDB3}"
EndProject
Project("{9A19103F-16F7-4668-BE54-9A1E7A4F7556}") = "VoiceRecog.WebAPI", "VoiceRecog.WebAPI\VoiceRecog.WebAPI.csproj", "{9E794C1B-9B57-4D7E-8AEC-2CF819750422}"
EndProject
Project("{9A19103F-16F7-4668-BE54-9A1E7A4F7556}") = "VoicePi.StreamToApi", "VoicePi.StreamToApi\VoicePi.StreamToApi.csproj", "{14ADF361-1A48-41C7-9073-87F2DE52AF44}"
EndProject
Project("{9A19103F-16F7-4668-BE54-9A1E7A4F7556}") = "DeepSpeech.Lib", "DeepSpeech.Lib\DeepSpeech.Lib.csproj", "{FA735729-41BB-4A0B-B87D-BEE5AF249C67}"
EndProject
Project("{9A19103F-16F7-4668-BE54-9A1E7A4F7556}") = "ML.Samples", "ML.Samples\ML.Samples.csproj", "{9F1FBB9F-5E23-490B-8FCB-82E6C7D17776}"
EndProject
Project("{888888A0-9F3D-457C-B088-3A5042F75D52}") = "WhisperAI.Passthrough", "WhisperAI.Passthrough\WhisperAI.Passthrough.pyproj", "{931D0AAD-B931-4861-8134-E17793FEFEC1}"
EndProject
Global
	GlobalSection(SolutionConfigurationPlatforms) = preSolution
		Debug|Any CPU = Debug|Any CPU
		Release|Any CPU = Release|Any CPU
	EndGlobalSection
	GlobalSection(ProjectConfigurationPlatforms) = postSolution
		{131DB9C5-D273-4BD9-BC1E-09C433E2702D}.Debug|Any CPU.ActiveCfg = Debug|Any CPU
		{131DB9C5-D273-4BD9-BC1E-09C433E2702D}.Debug|Any CPU.Build.0 = Debug|Any CPU
		{131DB9C5-D273-4BD9-BC1E-09C433E2702D}.Debug|Any CPU.Deploy.0 = Debug|Any CPU
		{131DB9C5-D273-4BD9-BC1E-09C433E2702D}.Release|Any CPU.ActiveCfg = Release|Any CPU
		{131DB9C5-D273-4BD9-BC1E-09C433E2702D}.Release|Any CPU.Build.0 = Release|Any CPU
		{131DB9C5-D273-4BD9-BC1E-09C433E2702D}.Release|Any CPU.Deploy.0 = Release|Any CPU
		{C872F5A5-6C59-4C29-A850-89C154FFBDB3}.Debug|Any CPU.ActiveCfg = Debug|Any CPU
		{C872F5A5-6C59-4C29-A850-89C154FFBDB3}.Debug|Any CPU.Build.0 = Debug|Any CPU
		{C872F5A5-6C59-4C29-A850-89C154FFBDB3}.Release|Any CPU.ActiveCfg = Release|Any CPU
		{C872F5A5-6C59-4C29-A850-89C154FFBDB3}.Release|Any CPU.Build.0 = Release|Any CPU
		{9E794C1B-9B57-4D7E-8AEC-2CF819750422}.Debug|Any CPU.ActiveCfg = Debug|Any CPU
		{9E794C1B-9B57-4D7E-8AEC-2CF819750422}.Debug|Any CPU.Build.0 = Debug|Any CPU
		{9E794C1B-9B57-4D7E-8AEC-2CF819750422}.Release|Any CPU.ActiveCfg = Release|Any CPU
		{9E794C1B-9B57-4D7E-8AEC-2CF819750422}.Release|Any CPU.Build.0 = Release|Any CPU
		{14ADF361-1A48-41C7-9073-87F2DE52AF44}.Debug|Any CPU.ActiveCfg = Debug|Any CPU
		{14ADF361-1A48-41C7-9073-87F2DE52AF44}.Debug|Any CPU.Build.0 = Debug|Any CPU
		{14ADF361-1A48-41C7-9073-87F2DE52AF44}.Release|Any CPU.ActiveCfg = Release|Any CPU
		{14ADF361-1A48-41C7-9073-87F2DE52AF44}.Release|Any CPU.Build.0 = Release|Any CPU
		{FA735729-41BB-4A0B-B87D-BEE5AF249C67}.Debug|Any CPU.ActiveCfg = Debug|Any CPU
		{FA735729-41BB-4A0B-B87D-BEE5AF249C67}.Debug|Any CPU.Build.0 = Debug|Any CPU
		{FA735729-41BB-4A0B-B87D-BEE5AF249C67}.Release|Any CPU.ActiveCfg = Release|Any CPU
		{FA735729-41BB-4A0B-B87D-BEE5AF249C67}.Release|Any CPU.Build.0 = Release|Any CPU
		{9F1FBB9F-5E23-490B-8FCB-82E6C7D17776}.Debug|Any CPU.ActiveCfg = Debug|Any CPU
		{9F1FBB9F-5E23-490B-8FCB-82E6C7D17776}.Debug|Any CPU.Build.0 = Debug|Any CPU
		{9F1FBB9F-5E23-490B-8FCB-82E6C7D17776}.Release|Any CPU.ActiveCfg = Release|Any CPU
		{9F1FBB9F-5E23-490B-8FCB-82E6C7D17776}.Release|Any CPU.Build.0 = Release|Any CPU
		{931D0AAD-B931-4861-8134-E17793FEFEC1}.Debug|Any CPU.ActiveCfg = Debug|Any CPU
		{931D0AAD-B931-4861-8134-E17793FEFEC1}.Release|Any CPU.ActiveCfg = Release|Any CPU
	EndGlobalSection
	GlobalSection(SolutionProperties) = preSolution
		HideSolutionNode = FALSE
	EndGlobalSection
	GlobalSection(ExtensibilityGlobals) = postSolution
		SolutionGuid = {1A0855B7-C92E-45A7-8F5B-EDEF340D93ED}
	EndGlobalSection
EndGlobal
